{
    "_readme": [
        "This file locks the dependencies of your project to a known state",
        "Read more about it at https://getcomposer.org/doc/01-basic-usage.md#installing-dependencies",
        "This file is @generated automatically"
    ],
    "content-hash": "01ce31168c500b1b58dd70117c2fa941",
    "packages": [
        {
            "name": "eleirbag89/telegrambotphp",
            "version": "1.3.9",
            "source": {
                "type": "git",
                "url": "https://github.com/Eleirbag89/TelegramBotPHP.git",
                "reference": "19ee63772ff3e13c57142b04a5e71e8bf34236bc"
            },
            "dist": {
                "type": "zip",
                "url": "https://api.github.com/repos/Eleirbag89/TelegramBotPHP/zipball/19ee63772ff3e13c57142b04a5e71e8bf34236bc",
                "reference": "19ee63772ff3e13c57142b04a5e71e8bf34236bc",
                "shasum": ""
            },
            "require": {
                "php": ">=5.0"
            },
            "type": "library",
            "autoload": {
                "files": [
                    "Telegram.php",
                    "TelegramErrorLogger.php"
                ]
            },
            "notification-url": "https://packagist.org/downloads/",
            "license": [
                "MIT"
            ],
            "authors": [
                {
                    "name": "Gabriele Grillo",
                    "email": "gabry.grillo@alice.it"
                }
            ],
            "description": "A very simple PHP Telegram Bot API",
            "time": "2019-04-29T06:41:12+00:00"
        }
    ],
    "packages-dev": [],
    "aliases": [],
    "minimum-stability": "stable",
    "stability-flags": [],
    "prefer-stable": false,
    "prefer-lowest": false,
    "platform": [],
    "platform-dev": []
}
